
Microsoft Visual Studio Solution File, Format Version 12.00
# Visual Studio Version 16
VisualStudioVersion = 16.0.30804.86
MinimumVisualStudioVersion = 10.0.40219.1
Project("{FAE04EC0-301F-11D3-BF4B-00C04F79EFBC}") = "HomeWork", "HomeWork\HomeWork.csproj", "{034FC7CD-7C91-4A6D-8C44-65BFCD7533CD}"
EndProject
Project("{FAE04EC0-301F-11D3-BF4B-00C04F79EFBC}") = "HomeWork2", "HomeWork2\HomeWork2.csproj", "{9BA977C9-2684-4D79-8F91-65626D3CD69F}"
EndProject
Project("{FAE04EC0-301F-11D3-BF4B-00C04F79EFBC}") = "StorePhone", "StorePhone\StorePhone.csproj", "{00A52A35-7984-40B1-8300-ED1DB43732EB}"
EndProject
Project("{FAE04EC0-301F-11D3-BF4B-00C04F79EFBC}") = "StorePhone.Tests", "StorePhone.Tests\StorePhone.Tests.csproj", "{71E10841-EC31-477A-AD49-67788DFA2CA1}"
EndProject
Project("{FAE04EC0-301F-11D3-BF4B-00C04F79EFBC}") = "HomeWork3", "HomeWork3\HomeWork3.csproj", "{E06163D1-FF2E-4CFD-86D4-A58F181938DA}"
EndProject
Project("{FAE04EC0-301F-11D3-BF4B-00C04F79EFBC}") = "StudentDb_CRUD", "StudentDb\StudentDb_CRUD.csproj", "{1E7CDEC4-8D71-441F-8AC9-48ACC479A520}"
EndProject
Global
	GlobalSection(SolutionConfigurationPlatforms) = preSolution
		Debug|Any CPU = Debug|Any CPU
		Release|Any CPU = Release|Any CPU
	EndGlobalSection
	GlobalSection(ProjectConfigurationPlatforms) = postSolution
		{034FC7CD-7C91-4A6D-8C44-65BFCD7533CD}.Debug|Any CPU.ActiveCfg = Debug|Any CPU
		{034FC7CD-7C91-4A6D-8C44-65BFCD7533CD}.Debug|Any CPU.Build.0 = Debug|Any CPU
		{034FC7CD-7C91-4A6D-8C44-65BFCD7533CD}.Release|Any CPU.ActiveCfg = Release|Any CPU
		{034FC7CD-7C91-4A6D-8C44-65BFCD7533CD}.Release|Any CPU.Build.0 = Release|Any CPU
		{9BA977C9-2684-4D79-8F91-65626D3CD69F}.Debug|Any CPU.ActiveCfg = Debug|Any CPU
		{9BA977C9-2684-4D79-8F91-65626D3CD69F}.Debug|Any CPU.Build.0 = Debug|Any CPU
		{9BA977C9-2684-4D79-8F91-65626D3CD69F}.Release|Any CPU.ActiveCfg = Release|Any CPU
		{9BA977C9-2684-4D79-8F91-65626D3CD69F}.Release|Any CPU.Build.0 = Release|Any CPU
		{00A52A35-7984-40B1-8300-ED1DB43732EB}.Debug|Any CPU.ActiveCfg = Debug|Any CPU
		{00A52A35-7984-40B1-8300-ED1DB43732EB}.Debug|Any CPU.Build.0 = Debug|Any CPU
		{00A52A35-7984-40B1-8300-ED1DB43732EB}.Release|Any CPU.ActiveCfg = Release|Any CPU
		{00A52A35-7984-40B1-8300-ED1DB43732EB}.Release|Any CPU.Build.0 = Release|Any CPU
		{71E10841-EC31-477A-AD49-67788DFA2CA1}.Debug|Any CPU.ActiveCfg = Debug|Any CPU
		{71E10841-EC31-477A-AD49-67788DFA2CA1}.Debug|Any CPU.Build.0 = Debug|Any CPU
		{71E10841-EC31-477A-AD49-67788DFA2CA1}.Release|Any CPU.ActiveCfg = Release|Any CPU
		{71E10841-EC31-477A-AD49-67788DFA2CA1}.Release|Any CPU.Build.0 = Release|Any CPU
		{E06163D1-FF2E-4CFD-86D4-A58F181938DA}.Debug|Any CPU.ActiveCfg = Debug|Any CPU
		{E06163D1-FF2E-4CFD-86D4-A58F181938DA}.Debug|Any CPU.Build.0 = Debug|Any CPU
		{E06163D1-FF2E-4CFD-86D4-A58F181938DA}.Release|Any CPU.ActiveCfg = Release|Any CPU
		{E06163D1-FF2E-4CFD-86D4-A58F181938DA}.Release|Any CPU.Build.0 = Release|Any CPU
		{1E7CDEC4-8D71-441F-8AC9-48ACC479A520}.Debug|Any CPU.ActiveCfg = Debug|Any CPU
		{1E7CDEC4-8D71-441F-8AC9-48ACC479A520}.Debug|Any CPU.Build.0 = Debug|Any CPU
		{1E7CDEC4-8D71-441F-8AC9-48ACC479A520}.Release|Any CPU.ActiveCfg = Release|Any CPU
		{1E7CDEC4-8D71-441F-8AC9-48ACC479A520}.Release|Any CPU.Build.0 = Release|Any CPU
	EndGlobalSection
	GlobalSection(SolutionProperties) = preSolution
		HideSolutionNode = FALSE
	EndGlobalSection
	GlobalSection(ExtensibilityGlobals) = postSolution
		SolutionGuid = {75B22F6A-14EE-4CDE-BF2A-2C4C2B3D0734}
	EndGlobalSection
EndGlobal
